{
  "name": "rubber-band-scroller",
  "version": "1.0.0",
  "lockfileVersion": 2,
  "requires": true,
  "packages": {
    "": {
      "version": "1.0.0",
      "license": "ISC",
      "dependencies": {
        "vector2": "github:jrc03c/vector2.js"
      },
      "devDependencies": {}
    },
    "node_modules/vector2": {
      "version": "1.0.0",
      "resolved": "git+ssh://git@github.com/jrc03c/vector2.js.git#946226e1595ea552a974e5d999c26f8c69d2477a",
      "license": "ISC"
    }
  },
  "dependencies": {
    "vector2": {
      "version": "git+ssh://git@github.com/jrc03c/vector2.js.git#946226e1595ea552a974e5d999c26f8c69d2477a",
      "from": "vector2@https://github.com/jrc03c/vector2.js"
    }
  }
}
