{
  "name": "rubber-band-scroller",
  "version": "1.0.0",
  "lockfileVersion": 2,
  "requires": true,
  "packages": {
    "": {
      "version": "1.0.0",
      "license": "ISC",
      "dependencies": {
        "lodash": "^4.17.21",
        "vector2": "github:jrc03c/vector2.js"
      }
    },
    "node_modules/lodash": {
      "version": "4.17.21",
      "resolved": "https://registry.npmjs.org/lodash/-/lodash-4.17.21.tgz",
      "integrity": "sha512-v2kDEe57lecTulaDIuNTPy3Ry4gLGJ6Z1O3vE1krgXZNrsQ+LFTGHVxVjcXPs17LhbZVGedAJv8XZ1tvj5FvSg=="
    },
    "node_modules/vector2": {
      "version": "1.0.0",
      "resolved": "git+ssh://git@github.com/jrc03c/vector2.js.git#946226e1595ea552a974e5d999c26f8c69d2477a",
      "license": "ISC"
    }
  },
  "dependencies": {
    "lodash": {
      "version": "4.17.21",
      "resolved": "https://registry.npmjs.org/lodash/-/lodash-4.17.21.tgz",
      "integrity": "sha512-v2kDEe57lecTulaDIuNTPy3Ry4gLGJ6Z1O3vE1krgXZNrsQ+LFTGHVxVjcXPs17LhbZVGedAJv8XZ1tvj5FvSg=="
    },
    "vector2": {
      "version": "git+ssh://git@github.com/jrc03c/vector2.js.git#946226e1595ea552a974e5d999c26f8c69d2477a",
      "from": "vector2@github:jrc03c/vector2.js"
    }
  }
}
